// !$*UTF8*$!
{
	archiveVersion = 1;
	classes = {
	};
	objectVersion = 51;
	objects = {

/* Begin PBXBuildFile section */
		6EBCB4334A61ADBCFEFDC06C /* Pods_Yoga_Test.framework in Frameworks */ = {isa = PBXBuildFile; fileRef = 924C9B5A735399916C7DF6B7 /* Pods_Yoga_Test.framework */; };
		A904DFD325D5743300BAC08F /* AppCoordinator.swift in Sources */ = {isa = PBXBuildFile; fileRef = A904DFD225D5743300BAC08F /* AppCoordinator.swift */; };
		A904DFDD25D5773800BAC08F /* Session.swift in Sources */ = {isa = PBXBuildFile; fileRef = A904DFDC25D5773800BAC08F /* Session.swift */; };
		A904DFE325D577D800BAC08F /* SessionCell.swift in Sources */ = {isa = PBXBuildFile; fileRef = A904DFE225D577D800BAC08F /* SessionCell.swift */; };
		A904DFE725D5781300BAC08F /* UICollectionViewCell+Extensions.swift in Sources */ = {isa = PBXBuildFile; fileRef = A904DFE625D5781300BAC08F /* UICollectionViewCell+Extensions.swift */; };
		A9A9B0DF25D572CD00E26551 /* AppDelegate.swift in Sources */ = {isa = PBXBuildFile; fileRef = A9A9B0DE25D572CD00E26551 /* AppDelegate.swift */; };
		A9A9B0E125D572CD00E26551 /* SceneDelegate.swift in Sources */ = {isa = PBXBuildFile; fileRef = A9A9B0E025D572CD00E26551 /* SceneDelegate.swift */; };
		A9A9B0E325D572CD00E26551 /* AppInteractor.swift in Sources */ = {isa = PBXBuildFile; fileRef = A9A9B0E225D572CD00E26551 /* AppInteractor.swift */; };
		A9A9B0E825D572CF00E26551 /* Assets.xcassets in Resources */ = {isa = PBXBuildFile; fileRef = A9A9B0E725D572CF00E26551 /* Assets.xcassets */; };
		A9A9B0EB25D572CF00E26551 /* LaunchScreen.storyboard in Resources */ = {isa = PBXBuildFile; fileRef = A9A9B0E925D572CF00E26551 /* LaunchScreen.storyboard */; };
/* End PBXBuildFile section */

/* Begin PBXFileReference section */
		924C9B5A735399916C7DF6B7 /* Pods_Yoga_Test.framework */ = {isa = PBXFileReference; explicitFileType = wrapper.framework; includeInIndex = 0; path = Pods_Yoga_Test.framework; sourceTree = BUILT_PRODUCTS_DIR; };
		A904DFD225D5743300BAC08F /* AppCoordinator.swift */ = {isa = PBXFileReference; lastKnownFileType = sourcecode.swift; path = AppCoordinator.swift; sourceTree = "<group>"; };
		A904DFDC25D5773800BAC08F /* Session.swift */ = {isa = PBXFileReference; lastKnownFileType = sourcecode.swift; path = Session.swift; sourceTree = "<group>"; };
		A904DFE225D577D800BAC08F /* SessionCell.swift */ = {isa = PBXFileReference; lastKnownFileType = sourcecode.swift; path = SessionCell.swift; sourceTree = "<group>"; };
		A904DFE625D5781300BAC08F /* UICollectionViewCell+Extensions.swift */ = {isa = PBXFileReference; lastKnownFileType = sourcecode.swift; path = "UICollectionViewCell+Extensions.swift"; sourceTree = "<group>"; };
		A9A9B0DB25D572CD00E26551 /* Yoga-Test.app */ = {isa = PBXFileReference; explicitFileType = wrapper.application; includeInIndex = 0; path = "Yoga-Test.app"; sourceTree = BUILT_PRODUCTS_DIR; };
		A9A9B0DE25D572CD00E26551 /* AppDelegate.swift */ = {isa = PBXFileReference; lastKnownFileType = sourcecode.swift; path = AppDelegate.swift; sourceTree = "<group>"; };
		A9A9B0E025D572CD00E26551 /* SceneDelegate.swift */ = {isa = PBXFileReference; lastKnownFileType = sourcecode.swift; path = SceneDelegate.swift; sourceTree = "<group>"; };
		A9A9B0E225D572CD00E26551 /* AppInteractor.swift */ = {isa = PBXFileReference; lastKnownFileType = sourcecode.swift; path = AppInteractor.swift; sourceTree = "<group>"; };
		A9A9B0E725D572CF00E26551 /* Assets.xcassets */ = {isa = PBXFileReference; lastKnownFileType = folder.assetcatalog; path = Assets.xcassets; sourceTree = "<group>"; };
		A9A9B0EA25D572CF00E26551 /* Base */ = {isa = PBXFileReference; lastKnownFileType = file.storyboard; name = Base; path = Base.lproj/LaunchScreen.storyboard; sourceTree = "<group>"; };
		A9A9B0EC25D572CF00E26551 /* Info.plist */ = {isa = PBXFileReference; lastKnownFileType = text.plist.xml; path = Info.plist; sourceTree = "<group>"; };
		CA0B12782BA2BB20A5309AF7 /* Pods-Yoga-Test.debug.xcconfig */ = {isa = PBXFileReference; includeInIndex = 1; lastKnownFileType = text.xcconfig; name = "Pods-Yoga-Test.debug.xcconfig"; path = "Target Support Files/Pods-Yoga-Test/Pods-Yoga-Test.debug.xcconfig"; sourceTree = "<group>"; };
		CECCB2D48DAB4958964FC1BD /* Pods-Yoga-Test.release.xcconfig */ = {isa = PBXFileReference; includeInIndex = 1; lastKnownFileType = text.xcconfig; name = "Pods-Yoga-Test.release.xcconfig"; path = "Target Support Files/Pods-Yoga-Test/Pods-Yoga-Test.release.xcconfig"; sourceTree = "<group>"; };
/* End PBXFileReference section */

/* Begin PBXFrameworksBuildPhase section */
		A9A9B0D825D572CD00E26551 /* Frameworks */ = {
			isa = PBXFrameworksBuildPhase;
			buildActionMask = 2147483647;
			files = (
				6EBCB4334A61ADBCFEFDC06C /* Pods_Yoga_Test.framework in Frameworks */,
			);
			runOnlyForDeploymentPostprocessing = 0;
		};
/* End PBXFrameworksBuildPhase section */

/* Begin PBXGroup section */
		863F43C0405BB4497F8DA28F /* Frameworks */ = {
			isa = PBXGroup;
			children = (
				924C9B5A735399916C7DF6B7 /* Pods_Yoga_Test.framework */,
			);
			name = Frameworks;
			sourceTree = "<group>";
		};
		953EF8BAE45D589894E324AA /* Pods */ = {
			isa = PBXGroup;
			children = (
				CA0B12782BA2BB20A5309AF7 /* Pods-Yoga-Test.debug.xcconfig */,
				CECCB2D48DAB4958964FC1BD /* Pods-Yoga-Test.release.xcconfig */,
			);
			path = Pods;
			sourceTree = "<group>";
		};
		A904DFD125D5742800BAC08F /* App */ = {
			isa = PBXGroup;
			children = (
				A904DFD525D5746600BAC08F /* Delegates */,
				A9A9B0E225D572CD00E26551 /* AppInteractor.swift */,
				A904DFD225D5743300BAC08F /* AppCoordinator.swift */,
			);
			path = App;
			sourceTree = "<group>";
		};
		A904DFD525D5746600BAC08F /* Delegates */ = {
			isa = PBXGroup;
			children = (
				A9A9B0DE25D572CD00E26551 /* AppDelegate.swift */,
				A9A9B0E025D572CD00E26551 /* SceneDelegate.swift */,
			);
			path = Delegates;
			sourceTree = "<group>";
		};
		A904DFDA25D5772700BAC08F /* Base */ = {
			isa = PBXGroup;
			children = (
				A904DFE125D577C400BAC08F /* Extensions */,
				A904DFE025D577AE00BAC08F /* Cells */,
			);
			path = Base;
			sourceTree = "<group>";
		};
		A904DFDB25D5772A00BAC08F /* Entities */ = {
			isa = PBXGroup;
			children = (
				A904DFDC25D5773800BAC08F /* Session.swift */,
			);
			path = Entities;
			sourceTree = "<group>";
		};
		A904DFE025D577AE00BAC08F /* Cells */ = {
			isa = PBXGroup;
			children = (
				A904DFE225D577D800BAC08F /* SessionCell.swift */,
			);
			path = Cells;
			sourceTree = "<group>";
		};
		A904DFE125D577C400BAC08F /* Extensions */ = {
			isa = PBXGroup;
			children = (
				A904DFE625D5781300BAC08F /* UICollectionViewCell+Extensions.swift */,
			);
			path = Extensions;
			sourceTree = "<group>";
		};
		A9A9B0D225D572CD00E26551 = {
			isa = PBXGroup;
			children = (
				A9A9B0DD25D572CD00E26551 /* Yoga-Test */,
				A9A9B0DC25D572CD00E26551 /* Products */,
				953EF8BAE45D589894E324AA /* Pods */,
				863F43C0405BB4497F8DA28F /* Frameworks */,
			);
			sourceTree = "<group>";
		};
		A9A9B0DC25D572CD00E26551 /* Products */ = {
			isa = PBXGroup;
			children = (
				A9A9B0DB25D572CD00E26551 /* Yoga-Test.app */,
			);
			name = Products;
			sourceTree = "<group>";
		};
		A9A9B0DD25D572CD00E26551 /* Yoga-Test */ = {
			isa = PBXGroup;
			children = (
				A904DFDB25D5772A00BAC08F /* Entities */,
				A904DFDA25D5772700BAC08F /* Base */,
				A904DFD125D5742800BAC08F /* App */,
				A9A9B0E725D572CF00E26551 /* Assets.xcassets */,
				A9A9B0E925D572CF00E26551 /* LaunchScreen.storyboard */,
				A9A9B0EC25D572CF00E26551 /* Info.plist */,
			);
			path = "Yoga-Test";
			sourceTree = "<group>";
		};
/* End PBXGroup section */

/* Begin PBXNativeTarget section */
		A9A9B0DA25D572CD00E26551 /* Yoga-Test */ = {
			isa = PBXNativeTarget;
			buildConfigurationList = A9A9B0EF25D572CF00E26551 /* Build configuration list for PBXNativeTarget "Yoga-Test" */;
			buildPhases = (
				ADBB258A02180593EB61E1B2 /* [CP] Check Pods Manifest.lock */,
				A9A9B0D725D572CD00E26551 /* Sources */,
				A9A9B0D825D572CD00E26551 /* Frameworks */,
				A9A9B0D925D572CD00E26551 /* Resources */,
				529451447B375E8AFDD30A67 /* [CP] Embed Pods Frameworks */,
			);
			buildRules = (
			);
			dependencies = (
			);
			name = "Yoga-Test";
			productName = "Yoga-Test";
			productReference = A9A9B0DB25D572CD00E26551 /* Yoga-Test.app */;
			productType = "com.apple.product-type.application";
		};
/* End PBXNativeTarget section */

/* Begin PBXProject section */
		A9A9B0D325D572CD00E26551 /* Project object */ = {
			isa = PBXProject;
			attributes = {
				LastSwiftUpdateCheck = 1200;
				LastUpgradeCheck = 1200;
				TargetAttributes = {
					A9A9B0DA25D572CD00E26551 = {
						CreatedOnToolsVersion = 12.0.1;
					};
				};
			};
			buildConfigurationList = A9A9B0D625D572CD00E26551 /* Build configuration list for PBXProject "Yoga-Test" */;
			compatibilityVersion = "Xcode 9.3";
			developmentRegion = en;
			hasScannedForEncodings = 0;
			knownRegions = (
				en,
				Base,
			);
			mainGroup = A9A9B0D225D572CD00E26551;
			productRefGroup = A9A9B0DC25D572CD00E26551 /* Products */;
			projectDirPath = "";
			projectRoot = "";
			targets = (
				A9A9B0DA25D572CD00E26551 /* Yoga-Test */,
			);
		};
/* End PBXProject section */

/* Begin PBXResourcesBuildPhase section */
		A9A9B0D925D572CD00E26551 /* Resources */ = {
			isa = PBXResourcesBuildPhase;
			buildActionMask = 2147483647;
			files = (
				A9A9B0EB25D572CF00E26551 /* LaunchScreen.storyboard in Resources */,
				A9A9B0E825D572CF00E26551 /* Assets.xcassets in Resources */,
			);
			runOnlyForDeploymentPostprocessing = 0;
		};
/* End PBXResourcesBuildPhase section */

/* Begin PBXShellScriptBuildPhase section */
		529451447B375E8AFDD30A67 /* [CP] Embed Pods Frameworks */ = {
			isa = PBXShellScriptBuildPhase;
			buildActionMask = 2147483647;
			files = (
			);
			inputFileListPaths = (
				"${PODS_ROOT}/Target Support Files/Pods-Yoga-Test/Pods-Yoga-Test-frameworks-${CONFIGURATION}-input-files.xcfilelist",
			);
			name = "[CP] Embed Pods Frameworks";
			outputFileListPaths = (
				"${PODS_ROOT}/Target Support Files/Pods-Yoga-Test/Pods-Yoga-Test-frameworks-${CONFIGURATION}-output-files.xcfilelist",
			);
			runOnlyForDeploymentPostprocessing = 0;
			shellPath = /bin/sh;
			shellScript = "\"${PODS_ROOT}/Target Support Files/Pods-Yoga-Test/Pods-Yoga-Test-frameworks.sh\"\n";
			showEnvVarsInLog = 0;
		};
		ADBB258A02180593EB61E1B2 /* [CP] Check Pods Manifest.lock */ = {
			isa = PBXShellScriptBuildPhase;
			buildActionMask = 2147483647;
			files = (
			);
			inputFileListPaths = (
			);
			inputPaths = (
				"${PODS_PODFILE_DIR_PATH}/Podfile.lock",
				"${PODS_ROOT}/Manifest.lock",
			);
			name = "[CP] Check Pods Manifest.lock";
			outputFileListPaths = (
			);
			outputPaths = (
				"$(DERIVED_FILE_DIR)/Pods-Yoga-Test-checkManifestLockResult.txt",
			);
			runOnlyForDeploymentPostprocessing = 0;
			shellPath = /bin/sh;
			shellScript = "diff \"${PODS_PODFILE_DIR_PATH}/Podfile.lock\" \"${PODS_ROOT}/Manifest.lock\" > /dev/null\nif [ $? != 0 ] ; then\n    # print error to STDERR\n    echo \"error: The sandbox is not in sync with the Podfile.lock. Run 'pod install' or update your CocoaPods installation.\" >&2\n    exit 1\nfi\n# This output is used by Xcode 'outputs' to avoid re-running this script phase.\necho \"SUCCESS\" > \"${SCRIPT_OUTPUT_FILE_0}\"\n";
			showEnvVarsInLog = 0;
		};
/* End PBXShellScriptBuildPhase section */

/* Begin PBXSourcesBuildPhase section */
		A9A9B0D725D572CD00E26551 /* Sources */ = {
			isa = PBXSourcesBuildPhase;
			buildActionMask = 2147483647;
			files = (
				A904DFDD25D5773800BAC08F /* Session.swift in Sources */,
				A904DFD325D5743300BAC08F /* AppCoordinator.swift in Sources */,
				A904DFE325D577D800BAC08F /* SessionCell.swift in Sources */,
				A9A9B0E325D572CD00E26551 /* AppInteractor.swift in Sources */,
				A904DFE725D5781300BAC08F /* UICollectionViewCell+Extensions.swift in Sources */,
				A9A9B0DF25D572CD00E26551 /* AppDelegate.swift in Sources */,
				A9A9B0E125D572CD00E26551 /* SceneDelegate.swift in Sources */,
			);
			runOnlyForDeploymentPostprocessing = 0;
		};
/* End PBXSourcesBuildPhase section */

/* Begin PBXVariantGroup section */
		A9A9B0E925D572CF00E26551 /* LaunchScreen.storyboard */ = {
			isa = PBXVariantGroup;
			children = (
				A9A9B0EA25D572CF00E26551 /* Base */,
			);
			name = LaunchScreen.storyboard;
			sourceTree = "<group>";
		};
/* End PBXVariantGroup section */

/* Begin XCBuildConfiguration section */
		A9A9B0ED25D572CF00E26551 /* Debug */ = {
			isa = XCBuildConfiguration;
			buildSettings = {
				ALWAYS_SEARCH_USER_PATHS = NO;
				CLANG_ANALYZER_NONNULL = YES;
				CLANG_ANALYZER_NUMBER_OBJECT_CONVERSION = YES_AGGRESSIVE;
				CLANG_CXX_LANGUAGE_STANDARD = "gnu++14";
				CLANG_CXX_LIBRARY = "libc++";
				CLANG_ENABLE_MODULES = YES;
				CLANG_ENABLE_OBJC_ARC = YES;
				CLANG_ENABLE_OBJC_WEAK = YES;
				CLANG_WARN_BLOCK_CAPTURE_AUTORELEASING = YES;
				CLANG_WARN_BOOL_CONVERSION = YES;
				CLANG_WARN_COMMA = YES;
				CLANG_WARN_CONSTANT_CONVERSION = YES;
				CLANG_WARN_DEPRECATED_OBJC_IMPLEMENTATIONS = YES;
				CLANG_WARN_DIRECT_OBJC_ISA_USAGE = YES_ERROR;
				CLANG_WARN_DOCUMENTATION_COMMENTS = YES;
				CLANG_WARN_EMPTY_BODY = YES;
				CLANG_WARN_ENUM_CONVERSION = YES;
				CLANG_WARN_INFINITE_RECURSION = YES;
				CLANG_WARN_INT_CONVERSION = YES;
				CLANG_WARN_NON_LITERAL_NULL_CONVERSION = YES;
				CLANG_WARN_OBJC_IMPLICIT_RETAIN_SELF = YES;
				CLANG_WARN_OBJC_LITERAL_CONVERSION = YES;
				CLANG_WARN_OBJC_ROOT_CLASS = YES_ERROR;
				CLANG_WARN_QUOTED_INCLUDE_IN_FRAMEWORK_HEADER = YES;
				CLANG_WARN_RANGE_LOOP_ANALYSIS = YES;
				CLANG_WARN_STRICT_PROTOTYPES = YES;
				CLANG_WARN_SUSPICIOUS_MOVE = YES;
				CLANG_WARN_UNGUARDED_AVAILABILITY = YES_AGGRESSIVE;
				CLANG_WARN_UNREACHABLE_CODE = YES;
				CLANG_WARN__DUPLICATE_METHOD_MATCH = YES;
				COPY_PHASE_STRIP = NO;
				DEBUG_INFORMATION_FORMAT = dwarf;
				ENABLE_STRICT_OBJC_MSGSEND = YES;
				ENABLE_TESTABILITY = YES;
				GCC_C_LANGUAGE_STANDARD = gnu11;
				GCC_DYNAMIC_NO_PIC = NO;
				GCC_NO_COMMON_BLOCKS = YES;
				GCC_OPTIMIZATION_LEVEL = 0;
				GCC_PREPROCESSOR_DEFINITIONS = (
					"DEBUG=1",
					"$(inherited)",
				);
				GCC_WARN_64_TO_32_BIT_CONVERSION = YES;
				GCC_WARN_ABOUT_RETURN_TYPE = YES_ERROR;
				GCC_WARN_UNDECLARED_SELECTOR = YES;
				GCC_WARN_UNINITIALIZED_AUTOS = YES_AGGRESSIVE;
				GCC_WARN_UNUSED_FUNCTION = YES;
				GCC_WARN_UNUSED_VARIABLE = YES;
				IPHONEOS_DEPLOYMENT_TARGET = 14.0;
				MTL_ENABLE_DEBUG_INFO = INCLUDE_SOURCE;
				MTL_FAST_MATH = YES;
				ONLY_ACTIVE_ARCH = YES;
				SDKROOT = iphoneos;
				SWIFT_ACTIVE_COMPILATION_CONDITIONS = DEBUG;
				SWIFT_OPTIMIZATION_LEVEL = "-Onone";
			};
			name = Debug;
		};
		A9A9B0EE25D572CF00E26551 /* Release */ = {
			isa = XCBuildConfiguration;
			buildSettings = {
				ALWAYS_SEARCH_USER_PATHS = NO;
				CLANG_ANALYZER_NONNULL = YES;
				CLANG_ANALYZER_NUMBER_OBJECT_CONVERSION = YES_AGGRESSIVE;
				CLANG_CXX_LANGUAGE_STANDARD = "gnu++14";
				CLANG_CXX_LIBRARY = "libc++";
				CLANG_ENABLE_MODULES = YES;
				CLANG_ENABLE_OBJC_ARC = YES;
				CLANG_ENABLE_OBJC_WEAK = YES;
				CLANG_WARN_BLOCK_CAPTURE_AUTORELEASING = YES;
				CLANG_WARN_BOOL_CONVERSION = YES;
				CLANG_WARN_COMMA = YES;
				CLANG_WARN_CONSTANT_CONVERSION = YES;
				CLANG_WARN_DEPRECATED_OBJC_IMPLEMENTATIONS = YES;
				CLANG_WARN_DIRECT_OBJC_ISA_USAGE = YES_ERROR;
				CLANG_WARN_DOCUMENTATION_COMMENTS = YES;
				CLANG_WARN_EMPTY_BODY = YES;
				CLANG_WARN_ENUM_CONVERSION = YES;
				CLANG_WARN_INFINITE_RECURSION = YES;
				CLANG_WARN_INT_CONVERSION = YES;
				CLANG_WARN_NON_LITERAL_NULL_CONVERSION = YES;
				CLANG_WARN_OBJC_IMPLICIT_RETAIN_SELF = YES;
				CLANG_WARN_OBJC_LITERAL_CONVERSION = YES;
				CLANG_WARN_OBJC_ROOT_CLASS = YES_ERROR;
				CLANG_WARN_QUOTED_INCLUDE_IN_FRAMEWORK_HEADER = YES;
				CLANG_WARN_RANGE_LOOP_ANALYSIS = YES;
				CLANG_WARN_STRICT_PROTOTYPES = YES;
				CLANG_WARN_SUSPICIOUS_MOVE = YES;
				CLANG_WARN_UNGUARDED_AVAILABILITY = YES_AGGRESSIVE;
				CLANG_WARN_UNREACHABLE_CODE = YES;
				CLANG_WARN__DUPLICATE_METHOD_MATCH = YES;
				COPY_PHASE_STRIP = NO;
				DEBUG_INFORMATION_FORMAT = "dwarf-with-dsym";
				ENABLE_NS_ASSERTIONS = NO;
				ENABLE_STRICT_OBJC_MSGSEND = YES;
				GCC_C_LANGUAGE_STANDARD = gnu11;
				GCC_NO_COMMON_BLOCKS = YES;
				GCC_WARN_64_TO_32_BIT_CONVERSION = YES;
				GCC_WARN_ABOUT_RETURN_TYPE = YES_ERROR;
				GCC_WARN_UNDECLARED_SELECTOR = YES;
				GCC_WARN_UNINITIALIZED_AUTOS = YES_AGGRESSIVE;
				GCC_WARN_UNUSED_FUNCTION = YES;
				GCC_WARN_UNUSED_VARIABLE = YES;
				IPHONEOS_DEPLOYMENT_TARGET = 14.0;
				MTL_ENABLE_DEBUG_INFO = NO;
				MTL_FAST_MATH = YES;
				SDKROOT = iphoneos;
				SWIFT_COMPILATION_MODE = wholemodule;
				SWIFT_OPTIMIZATION_LEVEL = "-O";
				VALIDATE_PRODUCT = YES;
			};
			name = Release;
		};
		A9A9B0F025D572CF00E26551 /* Debug */ = {
			isa = XCBuildConfiguration;
			baseConfigurationReference = CA0B12782BA2BB20A5309AF7 /* Pods-Yoga-Test.debug.xcconfig */;
			buildSettings = {
				ASSETCATALOG_COMPILER_APPICON_NAME = AppIcon;
				ASSETCATALOG_COMPILER_GLOBAL_ACCENT_COLOR_NAME = AccentColor;
				CODE_SIGN_STYLE = Automatic;
				DEVELOPMENT_TEAM = 9PG63NVD7U;
				INFOPLIST_FILE = "Yoga-Test/Info.plist";
				LD_RUNPATH_SEARCH_PATHS = (
					"$(inherited)",
					"@executable_path/Frameworks",
				);
				PRODUCT_BUNDLE_IDENTIFIER = "basson.Yoga-Test";
				PRODUCT_NAME = "$(TARGET_NAME)";
				SWIFT_VERSION = 5.0;
				TARGETED_DEVICE_FAMILY = "1,2";
			};
			name = Debug;
		};
		A9A9B0F125D572CF00E26551 /* Release */ = {
			isa = XCBuildConfiguration;
			baseConfigurationReference = CECCB2D48DAB4958964FC1BD /* Pods-Yoga-Test.release.xcconfig */;
			buildSettings = {
				ASSETCATALOG_COMPILER_APPICON_NAME = AppIcon;
				ASSETCATALOG_COMPILER_GLOBAL_ACCENT_COLOR_NAME = AccentColor;
				CODE_SIGN_STYLE = Automatic;
				DEVELOPMENT_TEAM = 9PG63NVD7U;
				INFOPLIST_FILE = "Yoga-Test/Info.plist";
				LD_RUNPATH_SEARCH_PATHS = (
					"$(inherited)",
					"@executable_path/Frameworks",
				);
				PRODUCT_BUNDLE_IDENTIFIER = "basson.Yoga-Test";
				PRODUCT_NAME = "$(TARGET_NAME)";
				SWIFT_VERSION = 5.0;
				TARGETED_DEVICE_FAMILY = "1,2";
			};
			name = Release;
		};
/* End XCBuildConfiguration section */

/* Begin XCConfigurationList section */
		A9A9B0D625D572CD00E26551 /* Build configuration list for PBXProject "Yoga-Test" */ = {
			isa = XCConfigurationList;
			buildConfigurations = (
				A9A9B0ED25D572CF00E26551 /* Debug */,
				A9A9B0EE25D572CF00E26551 /* Release */,
			);
			defaultConfigurationIsVisible = 0;
			defaultConfigurationName = Release;
		};
		A9A9B0EF25D572CF00E26551 /* Build configuration list for PBXNativeTarget "Yoga-Test" */ = {
			isa = XCConfigurationList;
			buildConfigurations = (
				A9A9B0F025D572CF00E26551 /* Debug */,
				A9A9B0F125D572CF00E26551 /* Release */,
			);
			defaultConfigurationIsVisible = 0;
			defaultConfigurationName = Release;
		};
/* End XCConfigurationList section */
	};
	rootObject = A9A9B0D325D572CD00E26551 /* Project object */;
}
